
Microsoft Visual Studio Solution File, Format Version 12.00
# Visual Studio 15
VisualStudioVersion = 15.0.28307.1300
MinimumVisualStudioVersion = 10.0.40219.1
Project("{FAE04EC0-301F-11D3-BF4B-00C04F79EFBC}") = "WebApplication2", "WebApplication2\WebApplication2.csproj", "{99D4DEC9-7570-4AD0-A339-2B757578585B}"
EndProject
Global
	GlobalSection(SolutionConfigurationPlatforms) = preSolution
		Debug|Any CPU = Debug|Any CPU
		Release|Any CPU = Release|Any CPU
	EndGlobalSection
	GlobalSection(ProjectConfigurationPlatforms) = postSolution
		{99D4DEC9-7570-4AD0-A339-2B757578585B}.Debug|Any CPU.ActiveCfg = Debug|Any CPU
		{99D4DEC9-7570-4AD0-A339-2B757578585B}.Debug|Any CPU.Build.0 = Debug|Any CPU
		{99D4DEC9-7570-4AD0-A339-2B757578585B}.Release|Any CPU.ActiveCfg = Release|Any CPU
		{99D4DEC9-7570-4AD0-A339-2B757578585B}.Release|Any CPU.Build.0 = Release|Any CPU
	EndGlobalSection
	GlobalSection(SolutionProperties) = preSolution
		HideSolutionNode = FALSE
	EndGlobalSection
	GlobalSection(ExtensibilityGlobals) = postSolution
		SolutionGuid = {322B3EC1-7088-432F-BF85-1C3E4E32B3E1}
	EndGlobalSection
EndGlobal
